{
  "originHash" : "03be9fe13d3e64e0a38635c82fa13fc2a721793ab0223e24a11f6f9ffb94cf89",
  "pins" : [
    {
      "identity" : "swiftsoup",
      "kind" : "remoteSourceControl",
      "location" : "https://github.com/scinfu/SwiftSoup.git",
      "state" : {
        "revision" : "8d6ad267714cac3ae747cefdd21f7a6665006e1f",
        "version" : "2.13.7"
      }
    }
  ],
  "version" : 3
}
