// !$*UTF8*$!
{
	archiveVersion = 1;
	classes = {
	};
	objectVersion = 77;
	objects = {

/* Begin PBXBuildFile section */
		0977CC5FABE9E6F84BF48DA5 /* ShareInbox.swift in Sources */ = {isa = PBXBuildFile; fileRef = A3FEB97E56AD99E91FB367B9 /* ShareInbox.swift */; };
		0A7AFFF808844CC0EE4BE1EE /* SettingsView.swift in Sources */ = {isa = PBXBuildFile; fileRef = BDACB22A7E4B4F5FE5785459 /* SettingsView.swift */; };
		0B1CBDD1323F731109D06DEC /* RecentConversationsView.swift in Sources */ = {isa = PBXBuildFile; fileRef = 475341E1FDF45E220243460A /* RecentConversationsView.swift */; };
		0BC179CD59C27B54EA265364 /* NotificationManager.swift in Sources */ = {isa = PBXBuildFile; fileRef = C391C25A76B13BD0D05B8706 /* NotificationManager.swift */; };
		15238C1DCBB889813D725E14 /* ConnectivityMonitor.swift in Sources */ = {isa = PBXBuildFile; fileRef = 1BFA44C0924355E456163217 /* ConnectivityMonitor.swift */; };
		154A6DB5674AF7C019515AC3 /* ZulipMath in Frameworks */ = {isa = PBXBuildFile; productRef = 86972B326398BF7FE9542C42 /* ZulipMath */; };
		1809E45D7265B2EFF7464F38 /* ZulipContent in Frameworks */ = {isa = PBXBuildFile; productRef = AD2A65812AC38BAC3D200157 /* ZulipContent */; };
		188461C8A7C5D3500365BA6D /* KeyboardRouter.swift in Sources */ = {isa = PBXBuildFile; fileRef = 43C09E2CE84013DBCE92521D /* KeyboardRouter.swift */; };
		1A4EA966BF8059788CD35F91 /* Assets.xcassets in Resources */ = {isa = PBXBuildFile; fileRef = 823C14D4494BFA81F9DE3F8E /* Assets.xcassets */; };
		217DBDEDF8373C7091CABD27 /* ZephyrShare.appex in Embed Foundation Extensions */ = {isa = PBXBuildFile; fileRef = D037A907658BA511667CA882 /* ZephyrShare.appex */; settings = {ATTRIBUTES = (RemoveHeadersOnCopy, ); }; };
		24004A382336BF5AF3BA2749 /* OutboxView.swift in Sources */ = {isa = PBXBuildFile; fileRef = 6948BF0E49980622700ED102 /* OutboxView.swift */; };
		25FE3BFD9203521A1B8E2231 /* DraftsView.swift in Sources */ = {isa = PBXBuildFile; fileRef = 9BABEF92E892ACE3DBCEF0E5 /* DraftsView.swift */; };
		3D07A493DA42E4D98B0DA530 /* Platform.swift in Sources */ = {isa = PBXBuildFile; fileRef = 4D9C40C777893FC7275F955B /* Platform.swift */; };
		3F863C40AC99B169668E1DD0 /* AppModel.swift in Sources */ = {isa = PBXBuildFile; fileRef = 7106DB9D273F41FC9FE36ABF /* AppModel.swift */; };
		428E7CBC70049F69CF04CAB5 /* HelpView.swift in Sources */ = {isa = PBXBuildFile; fileRef = BC85F6AA56F7EF9105F7742E /* HelpView.swift */; };
		53D49ACBC473F8B9F2B5BD5E /* SharePickerSheet.swift in Sources */ = {isa = PBXBuildFile; fileRef = 7DBB2BFB3C180FACDCB32F82 /* SharePickerSheet.swift */; };
		54BFB8373908F2BE25281ECF /* ZulipModel in Frameworks */ = {isa = PBXBuildFile; productRef = E4D870E5241B561551F2791A /* ZulipModel */; };
		5794DA3E0828FC47D382D330 /* ZephyrWidgets.swift in Sources */ = {isa = PBXBuildFile; fileRef = 3D409AD6B2CC607462E58207 /* ZephyrWidgets.swift */; };
		5E2EA17274897B42F4A65347 /* UnreadSummary.swift in Sources */ = {isa = PBXBuildFile; fileRef = 52CC572745D47CCA1BA9CE63 /* UnreadSummary.swift */; };
		5F0FCA79F46D92DA6EF1091E /* NarrowFeedView.swift in Sources */ = {isa = PBXBuildFile; fileRef = E7EBB59257B9154EAF76D934 /* NarrowFeedView.swift */; };
		664752B641AB478805A1EAE7 /* AccountWindowView.swift in Sources */ = {isa = PBXBuildFile; fileRef = 28D32E783B00DD974C9E8971 /* AccountWindowView.swift */; };
		67B681DC63058035652E4E1A /* EmojiPickerView.swift in Sources */ = {isa = PBXBuildFile; fileRef = A863CFF41CD971B0C62BB1FB /* EmojiPickerView.swift */; };
		685FD431FA29FEA255D3FBC1 /* MessageContentView.swift in Sources */ = {isa = PBXBuildFile; fileRef = 067FC7012EB2D00C26EF2527 /* MessageContentView.swift */; };
		6E8974C03AF4B08EAFEE51A6 /* ShareInbox.swift in Sources */ = {isa = PBXBuildFile; fileRef = A3FEB97E56AD99E91FB367B9 /* ShareInbox.swift */; };
		706E3B7C39B1F3C9F5DF0E1E /* Support.swift in Sources */ = {isa = PBXBuildFile; fileRef = AD6E84868E4713FC5F20FD6B /* Support.swift */; };
		70E8661B18208CE08B86BFFA /* AppStateStore.swift in Sources */ = {isa = PBXBuildFile; fileRef = 232E47A83B732D68F7D53F8A /* AppStateStore.swift */; };
		73585300EF03DBD458D4EFB9 /* ZephyrWidgets.appex in Embed Foundation Extensions */ = {isa = PBXBuildFile; fileRef = C6F5CD532C093CA694EACE87 /* ZephyrWidgets.appex */; settings = {ATTRIBUTES = (RemoveHeadersOnCopy, ); }; };
		7520AD45B999226B180174C7 /* NewConversationSheet.swift in Sources */ = {isa = PBXBuildFile; fileRef = B14E58E8A10C3B888496FBF2 /* NewConversationSheet.swift */; };
		75DE44DBC8650067EEAA958D /* TranscriptView.swift in Sources */ = {isa = PBXBuildFile; fileRef = 2D95D81BD326A92094707205 /* TranscriptView.swift */; };
		7BFEB47B6DCAC3AD9BCA6C35 /* Search.swift in Sources */ = {isa = PBXBuildFile; fileRef = C0B6E7BF3930F81D1C28D6C1 /* Search.swift */; };
		7CA83B9202B397D38737BD29 /* ShareInbox.swift in Sources */ = {isa = PBXBuildFile; fileRef = A3FEB97E56AD99E91FB367B9 /* ShareInbox.swift */; };
		7E536CB80BBA16C3965B52CF /* MessageActionSheets.swift in Sources */ = {isa = PBXBuildFile; fileRef = EC11E5BCCDABAA47341BC0CA /* MessageActionSheets.swift */; };
		883C05E8DCB4C721B557D835 /* TopicAutocompleteField.swift in Sources */ = {isa = PBXBuildFile; fileRef = 828F7934E9D581DD3703EAAC /* TopicAutocompleteField.swift */; };
		8CC1E79A10EE229827D2257A /* UnreadSummary.swift in Sources */ = {isa = PBXBuildFile; fileRef = 52CC572745D47CCA1BA9CE63 /* UnreadSummary.swift */; };
		8D288550003242AB2596116F /* PDFAttachmentView.swift in Sources */ = {isa = PBXBuildFile; fileRef = 3FE462CABA8309A90FD3A747 /* PDFAttachmentView.swift */; };
		8F49328DDC70D304E6FE4130 /* ShareViewController.swift in Sources */ = {isa = PBXBuildFile; fileRef = 4093541134383EBC6243F280 /* ShareViewController.swift */; };
		90244AA61E53F58A6D9AA222 /* OpenQuicklyView.swift in Sources */ = {isa = PBXBuildFile; fileRef = 149499DA07B92E143F965C6C /* OpenQuicklyView.swift */; };
		9511713F095ADB5FAF8E1593 /* MessageWidgetView.swift in Sources */ = {isa = PBXBuildFile; fileRef = 68A9D3BF54DFEC837205E851 /* MessageWidgetView.swift */; };
		9890C37B9865F39B29EDF88D /* DraftSync.swift in Sources */ = {isa = PBXBuildFile; fileRef = 3F4611B74F89FA03A6C524C9 /* DraftSync.swift */; };
		9C2971F9C1F755CB722B43E8 /* MainSplitView.swift in Sources */ = {isa = PBXBuildFile; fileRef = 3B2CA9D7CF1C06AA7B0A1D52 /* MainSplitView.swift */; };
		A2B018739699F9B2B4505207 /* SidebarView.swift in Sources */ = {isa = PBXBuildFile; fileRef = C17B1B985702AAFC4C30468A /* SidebarView.swift */; };
		A395FC333148C3BE66791CC5 /* ChannelTopicsView.swift in Sources */ = {isa = PBXBuildFile; fileRef = FB37E72A9961DF2EB9503B4D /* ChannelTopicsView.swift */; };
		A4DAC225CFBF91023FFE91B3 /* ZulipAPI in Frameworks */ = {isa = PBXBuildFile; productRef = 27D0006F9ED91CF207CFAA5B /* ZulipAPI */; };
		A82A7771694C25DF30CA4009 /* LoginView.swift in Sources */ = {isa = PBXBuildFile; fileRef = 28E9D19485B08518476527C2 /* LoginView.swift */; };
		B25F5C4B54A1AD406C201ECB /* ZephyrIntents.swift in Sources */ = {isa = PBXBuildFile; fileRef = 14B376B2915109D9F3810E20 /* ZephyrIntents.swift */; };
		B8CB761D6FE61F47C1E0FCBC /* ZephyrApp.swift in Sources */ = {isa = PBXBuildFile; fileRef = 066FAF47CC310A2445AAB0A9 /* ZephyrApp.swift */; };
		BB931F8230B45BC90B104176 /* MessageFeed.swift in Sources */ = {isa = PBXBuildFile; fileRef = 3BD4EE59C8A33FC99AA510C3 /* MessageFeed.swift */; };
		BCBA356FC8FA69612CEAE5DA /* ComposeBar.swift in Sources */ = {isa = PBXBuildFile; fileRef = 48877EEA1FAFF61902860BD0 /* ComposeBar.swift */; };
		BD6ED142E9B10E20B22453B7 /* UnreadSummary.swift in Sources */ = {isa = PBXBuildFile; fileRef = 52CC572745D47CCA1BA9CE63 /* UnreadSummary.swift */; };
		C2C81E0729324AE820EB8883 /* ChannelFeedView.swift in Sources */ = {isa = PBXBuildFile; fileRef = 1758438236E9536CC8336895 /* ChannelFeedView.swift */; };
		CAFDE08EBB3B372F2C6AA2B1 /* DetachedWindow.swift in Sources */ = {isa = PBXBuildFile; fileRef = DEB41CE528D54E2C156C0FEB /* DetachedWindow.swift */; };
		D3781CBA4A886F9D8F4A553A /* WidgetSummaryWriter.swift in Sources */ = {isa = PBXBuildFile; fileRef = A9AF8AD4ED790447AC128257 /* WidgetSummaryWriter.swift */; };
		E100D2C195474421ED98A3B1 /* WebAuthSession.swift in Sources */ = {isa = PBXBuildFile; fileRef = FC5410F479FB8AE6E80F4866 /* WebAuthSession.swift */; };
		F33ED1EE8D08E1F58540F09B /* Tips.swift in Sources */ = {isa = PBXBuildFile; fileRef = 2AB37CBF3789C6E2854F3632 /* Tips.swift */; };
		F6C17F7A2914098D59DE30AB /* AllChannelsView.swift in Sources */ = {isa = PBXBuildFile; fileRef = C5C28BE5A0DA537D6EB9C97A /* AllChannelsView.swift */; };
/* End PBXBuildFile section */

/* Begin PBXContainerItemProxy section */
		3B79F8D1045F08687BE8C85F /* PBXContainerItemProxy */ = {
			isa = PBXContainerItemProxy;
			containerPortal = 8BEBDFECE21524CF9C256F55 /* Project object */;
			proxyType = 1;
			remoteGlobalIDString = 213C17BB9E4108C306BEFE93;
			remoteInfo = ZephyrWidgets;
		};
		938FFD07A5B227F3CC07949C /* PBXContainerItemProxy */ = {
			isa = PBXContainerItemProxy;
			containerPortal = 8BEBDFECE21524CF9C256F55 /* Project object */;
			proxyType = 1;
			remoteGlobalIDString = 7DAEDDC5E72DE526E11C8C7E;
			remoteInfo = ZephyrShare;
		};
/* End PBXContainerItemProxy section */

/* Begin PBXCopyFilesBuildPhase section */
		A711C95FBE0EAD4FE9A0288C /* Embed Foundation Extensions */ = {
			isa = PBXCopyFilesBuildPhase;
			buildActionMask = 2147483647;
			dstPath = "";
			dstSubfolderSpec = 13;
			files = (
				73585300EF03DBD458D4EFB9 /* ZephyrWidgets.appex in Embed Foundation Extensions */,
				217DBDEDF8373C7091CABD27 /* ZephyrShare.appex in Embed Foundation Extensions */,
			);
			name = "Embed Foundation Extensions";
			runOnlyForDeploymentPostprocessing = 0;
		};
/* End PBXCopyFilesBuildPhase section */

/* Begin PBXFileReference section */
		0336B10E85CC165AC34AE4A6 /* Zephyr.app */ = {isa = PBXFileReference; includeInIndex = 0; lastKnownFileType = wrapper.application; path = Zephyr.app; sourceTree = BUILT_PRODUCTS_DIR; };
		066FAF47CC310A2445AAB0A9 /* ZephyrApp.swift */ = {isa = PBXFileReference; lastKnownFileType = sourcecode.swift; path = ZephyrApp.swift; sourceTree = "<group>"; };
		067FC7012EB2D00C26EF2527 /* MessageContentView.swift */ = {isa = PBXFileReference; lastKnownFileType = sourcecode.swift; path = MessageContentView.swift; sourceTree = "<group>"; };
		08D61FEDB2BCFA89017740EF /* Zephyr.entitlements */ = {isa = PBXFileReference; lastKnownFileType = text.plist.entitlements; path = Zephyr.entitlements; sourceTree = "<group>"; };
		149499DA07B92E143F965C6C /* OpenQuicklyView.swift */ = {isa = PBXFileReference; lastKnownFileType = sourcecode.swift; path = OpenQuicklyView.swift; sourceTree = "<group>"; };
		14B376B2915109D9F3810E20 /* ZephyrIntents.swift */ = {isa = PBXFileReference; lastKnownFileType = sourcecode.swift; path = ZephyrIntents.swift; sourceTree = "<group>"; };
		1758438236E9536CC8336895 /* ChannelFeedView.swift */ = {isa = PBXFileReference; lastKnownFileType = sourcecode.swift; path = ChannelFeedView.swift; sourceTree = "<group>"; };
		1BFA44C0924355E456163217 /* ConnectivityMonitor.swift */ = {isa = PBXFileReference; lastKnownFileType = sourcecode.swift; path = ConnectivityMonitor.swift; sourceTree = "<group>"; };
		232E47A83B732D68F7D53F8A /* AppStateStore.swift */ = {isa = PBXFileReference; lastKnownFileType = sourcecode.swift; path = AppStateStore.swift; sourceTree = "<group>"; };
		246E2A99D0BD63D5209BD33B /* ZulipKit */ = {isa = PBXFileReference; lastKnownFileType = folder; name = ZulipKit; path = Packages/ZulipKit; sourceTree = SOURCE_ROOT; };
		28D32E783B00DD974C9E8971 /* AccountWindowView.swift */ = {isa = PBXFileReference; lastKnownFileType = sourcecode.swift; path = AccountWindowView.swift; sourceTree = "<group>"; };
		28E9D19485B08518476527C2 /* LoginView.swift */ = {isa = PBXFileReference; lastKnownFileType = sourcecode.swift; path = LoginView.swift; sourceTree = "<group>"; };
		2AB37CBF3789C6E2854F3632 /* Tips.swift */ = {isa = PBXFileReference; lastKnownFileType = sourcecode.swift; path = Tips.swift; sourceTree = "<group>"; };
		2D95D81BD326A92094707205 /* TranscriptView.swift */ = {isa = PBXFileReference; lastKnownFileType = sourcecode.swift; path = TranscriptView.swift; sourceTree = "<group>"; };
		3B2CA9D7CF1C06AA7B0A1D52 /* MainSplitView.swift */ = {isa = PBXFileReference; lastKnownFileType = sourcecode.swift; path = MainSplitView.swift; sourceTree = "<group>"; };
		3BD4EE59C8A33FC99AA510C3 /* MessageFeed.swift */ = {isa = PBXFileReference; lastKnownFileType = sourcecode.swift; path = MessageFeed.swift; sourceTree = "<group>"; };
		3D409AD6B2CC607462E58207 /* ZephyrWidgets.swift */ = {isa = PBXFileReference; lastKnownFileType = sourcecode.swift; path = ZephyrWidgets.swift; sourceTree = "<group>"; };
		3F4611B74F89FA03A6C524C9 /* DraftSync.swift */ = {isa = PBXFileReference; lastKnownFileType = sourcecode.swift; path = DraftSync.swift; sourceTree = "<group>"; };
		3FE462CABA8309A90FD3A747 /* PDFAttachmentView.swift */ = {isa = PBXFileReference; lastKnownFileType = sourcecode.swift; path = PDFAttachmentView.swift; sourceTree = "<group>"; };
		4093541134383EBC6243F280 /* ShareViewController.swift */ = {isa = PBXFileReference; lastKnownFileType = sourcecode.swift; path = ShareViewController.swift; sourceTree = "<group>"; };
		43C09E2CE84013DBCE92521D /* KeyboardRouter.swift */ = {isa = PBXFileReference; lastKnownFileType = sourcecode.swift; path = KeyboardRouter.swift; sourceTree = "<group>"; };
		475341E1FDF45E220243460A /* RecentConversationsView.swift */ = {isa = PBXFileReference; lastKnownFileType = sourcecode.swift; path = RecentConversationsView.swift; sourceTree = "<group>"; };
		48877EEA1FAFF61902860BD0 /* ComposeBar.swift */ = {isa = PBXFileReference; lastKnownFileType = sourcecode.swift; path = ComposeBar.swift; sourceTree = "<group>"; };
		4D9C40C777893FC7275F955B /* Platform.swift */ = {isa = PBXFileReference; lastKnownFileType = sourcecode.swift; path = Platform.swift; sourceTree = "<group>"; };
		52CC572745D47CCA1BA9CE63 /* UnreadSummary.swift */ = {isa = PBXFileReference; lastKnownFileType = sourcecode.swift; path = UnreadSummary.swift; sourceTree = "<group>"; };
		68A9D3BF54DFEC837205E851 /* MessageWidgetView.swift */ = {isa = PBXFileReference; lastKnownFileType = sourcecode.swift; path = MessageWidgetView.swift; sourceTree = "<group>"; };
		6948BF0E49980622700ED102 /* OutboxView.swift */ = {isa = PBXFileReference; lastKnownFileType = sourcecode.swift; path = OutboxView.swift; sourceTree = "<group>"; };
		7106DB9D273F41FC9FE36ABF /* AppModel.swift */ = {isa = PBXFileReference; lastKnownFileType = sourcecode.swift; path = AppModel.swift; sourceTree = "<group>"; };
		726EF7F3ABF31AB4CF23C545 /* Info.plist */ = {isa = PBXFileReference; lastKnownFileType = text.plist; path = Info.plist; sourceTree = "<group>"; };
		76C23601CC0460F9C22C23DD /* Info.plist */ = {isa = PBXFileReference; lastKnownFileType = text.plist; path = Info.plist; sourceTree = "<group>"; };
		7DBB2BFB3C180FACDCB32F82 /* SharePickerSheet.swift */ = {isa = PBXFileReference; lastKnownFileType = sourcecode.swift; path = SharePickerSheet.swift; sourceTree = "<group>"; };
		823C14D4494BFA81F9DE3F8E /* Assets.xcassets */ = {isa = PBXFileReference; lastKnownFileType = folder.assetcatalog; path = Assets.xcassets; sourceTree = "<group>"; };
		828F7934E9D581DD3703EAAC /* TopicAutocompleteField.swift */ = {isa = PBXFileReference; lastKnownFileType = sourcecode.swift; path = TopicAutocompleteField.swift; sourceTree = "<group>"; };
		9BABEF92E892ACE3DBCEF0E5 /* DraftsView.swift */ = {isa = PBXFileReference; lastKnownFileType = sourcecode.swift; path = DraftsView.swift; sourceTree = "<group>"; };
		A3FEB97E56AD99E91FB367B9 /* ShareInbox.swift */ = {isa = PBXFileReference; lastKnownFileType = sourcecode.swift; path = ShareInbox.swift; sourceTree = "<group>"; };
		A863CFF41CD971B0C62BB1FB /* EmojiPickerView.swift */ = {isa = PBXFileReference; lastKnownFileType = sourcecode.swift; path = EmojiPickerView.swift; sourceTree = "<group>"; };
		A9AF8AD4ED790447AC128257 /* WidgetSummaryWriter.swift */ = {isa = PBXFileReference; lastKnownFileType = sourcecode.swift; path = WidgetSummaryWriter.swift; sourceTree = "<group>"; };
		AD6E84868E4713FC5F20FD6B /* Support.swift */ = {isa = PBXFileReference; lastKnownFileType = sourcecode.swift; path = Support.swift; sourceTree = "<group>"; };
		B14E58E8A10C3B888496FBF2 /* NewConversationSheet.swift */ = {isa = PBXFileReference; lastKnownFileType = sourcecode.swift; path = NewConversationSheet.swift; sourceTree = "<group>"; };
		BC85F6AA56F7EF9105F7742E /* HelpView.swift */ = {isa = PBXFileReference; lastKnownFileType = sourcecode.swift; path = HelpView.swift; sourceTree = "<group>"; };
		BDACB22A7E4B4F5FE5785459 /* SettingsView.swift */ = {isa = PBXFileReference; lastKnownFileType = sourcecode.swift; path = SettingsView.swift; sourceTree = "<group>"; };
		C0B6E7BF3930F81D1C28D6C1 /* Search.swift */ = {isa = PBXFileReference; lastKnownFileType = sourcecode.swift; path = Search.swift; sourceTree = "<group>"; };
		C17B1B985702AAFC4C30468A /* SidebarView.swift */ = {isa = PBXFileReference; lastKnownFileType = sourcecode.swift; path = SidebarView.swift; sourceTree = "<group>"; };
		C391C25A76B13BD0D05B8706 /* NotificationManager.swift */ = {isa = PBXFileReference; lastKnownFileType = sourcecode.swift; path = NotificationManager.swift; sourceTree = "<group>"; };
		C5C28BE5A0DA537D6EB9C97A /* AllChannelsView.swift */ = {isa = PBXFileReference; lastKnownFileType = sourcecode.swift; path = AllChannelsView.swift; sourceTree = "<group>"; };
		C6F5CD532C093CA694EACE87 /* ZephyrWidgets.appex */ = {isa = PBXFileReference; includeInIndex = 0; lastKnownFileType = "wrapper.app-extension"; path = ZephyrWidgets.appex; sourceTree = BUILT_PRODUCTS_DIR; };
		D037A907658BA511667CA882 /* ZephyrShare.appex */ = {isa = PBXFileReference; includeInIndex = 0; lastKnownFileType = "wrapper.app-extension"; path = ZephyrShare.appex; sourceTree = BUILT_PRODUCTS_DIR; };
		DEB41CE528D54E2C156C0FEB /* DetachedWindow.swift */ = {isa = PBXFileReference; lastKnownFileType = sourcecode.swift; path = DetachedWindow.swift; sourceTree = "<group>"; };
		E7EBB59257B9154EAF76D934 /* NarrowFeedView.swift */ = {isa = PBXFileReference; lastKnownFileType = sourcecode.swift; path = NarrowFeedView.swift; sourceTree = "<group>"; };
		EC11E5BCCDABAA47341BC0CA /* MessageActionSheets.swift */ = {isa = PBXFileReference; lastKnownFileType = sourcecode.swift; path = MessageActionSheets.swift; sourceTree = "<group>"; };
		FB37E72A9961DF2EB9503B4D /* ChannelTopicsView.swift */ = {isa = PBXFileReference; lastKnownFileType = sourcecode.swift; path = ChannelTopicsView.swift; sourceTree = "<group>"; };
		FC5410F479FB8AE6E80F4866 /* WebAuthSession.swift */ = {isa = PBXFileReference; lastKnownFileType = sourcecode.swift; path = WebAuthSession.swift; sourceTree = "<group>"; };
/* End PBXFileReference section */

/* Begin PBXFrameworksBuildPhase section */
		262F461089EC8CC6EAE1DCA1 /* Frameworks */ = {
			isa = PBXFrameworksBuildPhase;
			buildActionMask = 2147483647;
			files = (
				54BFB8373908F2BE25281ECF /* ZulipModel in Frameworks */,
				A4DAC225CFBF91023FFE91B3 /* ZulipAPI in Frameworks */,
				1809E45D7265B2EFF7464F38 /* ZulipContent in Frameworks */,
				154A6DB5674AF7C019515AC3 /* ZulipMath in Frameworks */,
			);
			runOnlyForDeploymentPostprocessing = 0;
		};
/* End PBXFrameworksBuildPhase section */

/* Begin PBXGroup section */
		2F9A6FAB9E659DB79DF34D95 /* Views */ = {
			isa = PBXGroup;
			children = (
				28D32E783B00DD974C9E8971 /* AccountWindowView.swift */,
				C5C28BE5A0DA537D6EB9C97A /* AllChannelsView.swift */,
				1758438236E9536CC8336895 /* ChannelFeedView.swift */,
				FB37E72A9961DF2EB9503B4D /* ChannelTopicsView.swift */,
				48877EEA1FAFF61902860BD0 /* ComposeBar.swift */,
				DEB41CE528D54E2C156C0FEB /* DetachedWindow.swift */,
				9BABEF92E892ACE3DBCEF0E5 /* DraftsView.swift */,
				A863CFF41CD971B0C62BB1FB /* EmojiPickerView.swift */,
				BC85F6AA56F7EF9105F7742E /* HelpView.swift */,
				28E9D19485B08518476527C2 /* LoginView.swift */,
				3B2CA9D7CF1C06AA7B0A1D52 /* MainSplitView.swift */,
				EC11E5BCCDABAA47341BC0CA /* MessageActionSheets.swift */,
				067FC7012EB2D00C26EF2527 /* MessageContentView.swift */,
				3BD4EE59C8A33FC99AA510C3 /* MessageFeed.swift */,
				68A9D3BF54DFEC837205E851 /* MessageWidgetView.swift */,
				E7EBB59257B9154EAF76D934 /* NarrowFeedView.swift */,
				B14E58E8A10C3B888496FBF2 /* NewConversationSheet.swift */,
				149499DA07B92E143F965C6C /* OpenQuicklyView.swift */,
				6948BF0E49980622700ED102 /* OutboxView.swift */,
				3FE462CABA8309A90FD3A747 /* PDFAttachmentView.swift */,
				475341E1FDF45E220243460A /* RecentConversationsView.swift */,
				C0B6E7BF3930F81D1C28D6C1 /* Search.swift */,
				BDACB22A7E4B4F5FE5785459 /* SettingsView.swift */,
				7DBB2BFB3C180FACDCB32F82 /* SharePickerSheet.swift */,
				C17B1B985702AAFC4C30468A /* SidebarView.swift */,
				AD6E84868E4713FC5F20FD6B /* Support.swift */,
				828F7934E9D581DD3703EAAC /* TopicAutocompleteField.swift */,
				2D95D81BD326A92094707205 /* TranscriptView.swift */,
			);
			path = Views;
			sourceTree = "<group>";
		};
		612AF186E8C6E85C4880CC83 = {
			isa = PBXGroup;
			children = (
				DFBB9B29CB3C8F03159CF587 /* Extensions */,
				D13068B9C4F70218C2D558FA /* Packages */,
				6DD3E390B3CA2B3936487AF7 /* Shared */,
				92C0E649E05F5CFF221ED566 /* Zephyr */,
				AF0461F34E739EF907032AC9 /* Products */,
			);
			sourceTree = "<group>";
		};
		6DD3E390B3CA2B3936487AF7 /* Shared */ = {
			isa = PBXGroup;
			children = (
				A3FEB97E56AD99E91FB367B9 /* ShareInbox.swift */,
				52CC572745D47CCA1BA9CE63 /* UnreadSummary.swift */,
			);
			path = Shared;
			sourceTree = "<group>";
		};
		7C179DEE64952CB6985A5F35 /* Share */ = {
			isa = PBXGroup;
			children = (
				76C23601CC0460F9C22C23DD /* Info.plist */,
				4093541134383EBC6243F280 /* ShareViewController.swift */,
			);
			path = Share;
			sourceTree = "<group>";
		};
		886CC3A7FE9156296E42DEB0 /* Widgets */ = {
			isa = PBXGroup;
			children = (
				726EF7F3ABF31AB4CF23C545 /* Info.plist */,
				3D409AD6B2CC607462E58207 /* ZephyrWidgets.swift */,
			);
			path = Widgets;
			sourceTree = "<group>";
		};
		92C0E649E05F5CFF221ED566 /* Zephyr */ = {
			isa = PBXGroup;
			children = (
				7106DB9D273F41FC9FE36ABF /* AppModel.swift */,
				232E47A83B732D68F7D53F8A /* AppStateStore.swift */,
				823C14D4494BFA81F9DE3F8E /* Assets.xcassets */,
				1BFA44C0924355E456163217 /* ConnectivityMonitor.swift */,
				3F4611B74F89FA03A6C524C9 /* DraftSync.swift */,
				43C09E2CE84013DBCE92521D /* KeyboardRouter.swift */,
				C391C25A76B13BD0D05B8706 /* NotificationManager.swift */,
				4D9C40C777893FC7275F955B /* Platform.swift */,
				2AB37CBF3789C6E2854F3632 /* Tips.swift */,
				FC5410F479FB8AE6E80F4866 /* WebAuthSession.swift */,
				A9AF8AD4ED790447AC128257 /* WidgetSummaryWriter.swift */,
				08D61FEDB2BCFA89017740EF /* Zephyr.entitlements */,
				066FAF47CC310A2445AAB0A9 /* ZephyrApp.swift */,
				14B376B2915109D9F3810E20 /* ZephyrIntents.swift */,
				2F9A6FAB9E659DB79DF34D95 /* Views */,
			);
			path = Zephyr;
			sourceTree = "<group>";
		};
		AF0461F34E739EF907032AC9 /* Products */ = {
			isa = PBXGroup;
			children = (
				0336B10E85CC165AC34AE4A6 /* Zephyr.app */,
				D037A907658BA511667CA882 /* ZephyrShare.appex */,
				C6F5CD532C093CA694EACE87 /* ZephyrWidgets.appex */,
			);
			name = Products;
			sourceTree = "<group>";
		};
		D13068B9C4F70218C2D558FA /* Packages */ = {
			isa = PBXGroup;
			children = (
				246E2A99D0BD63D5209BD33B /* ZulipKit */,
			);
			path = Packages;
			sourceTree = "<group>";
		};
		DFBB9B29CB3C8F03159CF587 /* Extensions */ = {
			isa = PBXGroup;
			children = (
				7C179DEE64952CB6985A5F35 /* Share */,
				886CC3A7FE9156296E42DEB0 /* Widgets */,
			);
			path = Extensions;
			sourceTree = "<group>";
		};
/* End PBXGroup section */

/* Begin PBXNativeTarget section */
		213C17BB9E4108C306BEFE93 /* ZephyrWidgets */ = {
			isa = PBXNativeTarget;
			buildConfigurationList = 35EDD503D632243D14784178 /* Build configuration list for PBXNativeTarget "ZephyrWidgets" */;
			buildPhases = (
				70CE711D7085F67B282F1511 /* Sources */,
			);
			buildRules = (
			);
			dependencies = (
			);
			name = ZephyrWidgets;
			packageProductDependencies = (
			);
			productName = ZephyrWidgets;
			productReference = C6F5CD532C093CA694EACE87 /* ZephyrWidgets.appex */;
			productType = "com.apple.product-type.app-extension";
		};
		2AEDC22B76AE14F52ADDA857 /* Zephyr */ = {
			isa = PBXNativeTarget;
			buildConfigurationList = 276FA59FADB80C530270E770 /* Build configuration list for PBXNativeTarget "Zephyr" */;
			buildPhases = (
				77B8BA99491B1A259CD320A2 /* Sources */,
				9C6C9CF6C8261B132BE93EB9 /* Resources */,
				262F461089EC8CC6EAE1DCA1 /* Frameworks */,
				A711C95FBE0EAD4FE9A0288C /* Embed Foundation Extensions */,
			);
			buildRules = (
			);
			dependencies = (
				FAD3AB4C3D0D0339FA4EE6A3 /* PBXTargetDependency */,
				98458300AC2BB81839EF94B8 /* PBXTargetDependency */,
			);
			name = Zephyr;
			packageProductDependencies = (
				E4D870E5241B561551F2791A /* ZulipModel */,
				27D0006F9ED91CF207CFAA5B /* ZulipAPI */,
				AD2A65812AC38BAC3D200157 /* ZulipContent */,
				86972B326398BF7FE9542C42 /* ZulipMath */,
			);
			productName = Zephyr;
			productReference = 0336B10E85CC165AC34AE4A6 /* Zephyr.app */;
			productType = "com.apple.product-type.application";
		};
		7DAEDDC5E72DE526E11C8C7E /* ZephyrShare */ = {
			isa = PBXNativeTarget;
			buildConfigurationList = 8377D7D199383BFE07B6BED7 /* Build configuration list for PBXNativeTarget "ZephyrShare" */;
			buildPhases = (
				CE41F0813613CDAD2BA3E51E /* Sources */,
			);
			buildRules = (
			);
			dependencies = (
			);
			name = ZephyrShare;
			packageProductDependencies = (
			);
			productName = ZephyrShare;
			productReference = D037A907658BA511667CA882 /* ZephyrShare.appex */;
			productType = "com.apple.product-type.app-extension";
		};
/* End PBXNativeTarget section */

/* Begin PBXProject section */
		8BEBDFECE21524CF9C256F55 /* Project object */ = {
			isa = PBXProject;
			attributes = {
				BuildIndependentTargetsInParallel = YES;
				LastUpgradeCheck = 1430;
				TargetAttributes = {
					213C17BB9E4108C306BEFE93 = {
						DevelopmentTeam = 257KW9ZJFP;
						ProvisioningStyle = Automatic;
					};
					2AEDC22B76AE14F52ADDA857 = {
						DevelopmentTeam = 257KW9ZJFP;
						ProvisioningStyle = Automatic;
					};
					7DAEDDC5E72DE526E11C8C7E = {
						DevelopmentTeam = 257KW9ZJFP;
						ProvisioningStyle = Automatic;
					};
				};
			};
			buildConfigurationList = A7C3F89928DDFDEBB6388A8F /* Build configuration list for PBXProject "Zephyr" */;
			developmentRegion = en;
			hasScannedForEncodings = 0;
			knownRegions = (
				Base,
				en,
			);
			mainGroup = 612AF186E8C6E85C4880CC83;
			minimizedProjectReferenceProxies = 1;
			packageReferences = (
				7719EBB15E310B948F46D19F /* XCLocalSwiftPackageReference "Packages/ZulipKit" */,
			);
			preferredProjectObjectVersion = 77;
			productRefGroup = AF0461F34E739EF907032AC9 /* Products */;
			projectDirPath = "";
			projectRoot = "";
			targets = (
				2AEDC22B76AE14F52ADDA857 /* Zephyr */,
				213C17BB9E4108C306BEFE93 /* ZephyrWidgets */,
				7DAEDDC5E72DE526E11C8C7E /* ZephyrShare */,
			);
		};
/* End PBXProject section */

/* Begin PBXResourcesBuildPhase section */
		9C6C9CF6C8261B132BE93EB9 /* Resources */ = {
			isa = PBXResourcesBuildPhase;
			buildActionMask = 2147483647;
			files = (
				1A4EA966BF8059788CD35F91 /* Assets.xcassets in Resources */,
			);
			runOnlyForDeploymentPostprocessing = 0;
		};
/* End PBXResourcesBuildPhase section */

/* Begin PBXSourcesBuildPhase section */
		70CE711D7085F67B282F1511 /* Sources */ = {
			isa = PBXSourcesBuildPhase;
			buildActionMask = 2147483647;
			files = (
				6E8974C03AF4B08EAFEE51A6 /* ShareInbox.swift in Sources */,
				8CC1E79A10EE229827D2257A /* UnreadSummary.swift in Sources */,
				5794DA3E0828FC47D382D330 /* ZephyrWidgets.swift in Sources */,
			);
			runOnlyForDeploymentPostprocessing = 0;
		};
		77B8BA99491B1A259CD320A2 /* Sources */ = {
			isa = PBXSourcesBuildPhase;
			buildActionMask = 2147483647;
			files = (
				664752B641AB478805A1EAE7 /* AccountWindowView.swift in Sources */,
				F6C17F7A2914098D59DE30AB /* AllChannelsView.swift in Sources */,
				3F863C40AC99B169668E1DD0 /* AppModel.swift in Sources */,
				70E8661B18208CE08B86BFFA /* AppStateStore.swift in Sources */,
				C2C81E0729324AE820EB8883 /* ChannelFeedView.swift in Sources */,
				A395FC333148C3BE66791CC5 /* ChannelTopicsView.swift in Sources */,
				BCBA356FC8FA69612CEAE5DA /* ComposeBar.swift in Sources */,
				15238C1DCBB889813D725E14 /* ConnectivityMonitor.swift in Sources */,
				CAFDE08EBB3B372F2C6AA2B1 /* DetachedWindow.swift in Sources */,
				9890C37B9865F39B29EDF88D /* DraftSync.swift in Sources */,
				25FE3BFD9203521A1B8E2231 /* DraftsView.swift in Sources */,
				67B681DC63058035652E4E1A /* EmojiPickerView.swift in Sources */,
				428E7CBC70049F69CF04CAB5 /* HelpView.swift in Sources */,
				188461C8A7C5D3500365BA6D /* KeyboardRouter.swift in Sources */,
				A82A7771694C25DF30CA4009 /* LoginView.swift in Sources */,
				9C2971F9C1F755CB722B43E8 /* MainSplitView.swift in Sources */,
				7E536CB80BBA16C3965B52CF /* MessageActionSheets.swift in Sources */,
				685FD431FA29FEA255D3FBC1 /* MessageContentView.swift in Sources */,
				BB931F8230B45BC90B104176 /* MessageFeed.swift in Sources */,
				9511713F095ADB5FAF8E1593 /* MessageWidgetView.swift in Sources */,
				5F0FCA79F46D92DA6EF1091E /* NarrowFeedView.swift in Sources */,
				7520AD45B999226B180174C7 /* NewConversationSheet.swift in Sources */,
				0BC179CD59C27B54EA265364 /* NotificationManager.swift in Sources */,
				90244AA61E53F58A6D9AA222 /* OpenQuicklyView.swift in Sources */,
				24004A382336BF5AF3BA2749 /* OutboxView.swift in Sources */,
				8D288550003242AB2596116F /* PDFAttachmentView.swift in Sources */,
				3D07A493DA42E4D98B0DA530 /* Platform.swift in Sources */,
				0B1CBDD1323F731109D06DEC /* RecentConversationsView.swift in Sources */,
				7BFEB47B6DCAC3AD9BCA6C35 /* Search.swift in Sources */,
				0A7AFFF808844CC0EE4BE1EE /* SettingsView.swift in Sources */,
				7CA83B9202B397D38737BD29 /* ShareInbox.swift in Sources */,
				53D49ACBC473F8B9F2B5BD5E /* SharePickerSheet.swift in Sources */,
				A2B018739699F9B2B4505207 /* SidebarView.swift in Sources */,
				706E3B7C39B1F3C9F5DF0E1E /* Support.swift in Sources */,
				F33ED1EE8D08E1F58540F09B /* Tips.swift in Sources */,
				883C05E8DCB4C721B557D835 /* TopicAutocompleteField.swift in Sources */,
				75DE44DBC8650067EEAA958D /* TranscriptView.swift in Sources */,
				5E2EA17274897B42F4A65347 /* UnreadSummary.swift in Sources */,
				E100D2C195474421ED98A3B1 /* WebAuthSession.swift in Sources */,
				D3781CBA4A886F9D8F4A553A /* WidgetSummaryWriter.swift in Sources */,
				B8CB761D6FE61F47C1E0FCBC /* ZephyrApp.swift in Sources */,
				B25F5C4B54A1AD406C201ECB /* ZephyrIntents.swift in Sources */,
			);
			runOnlyForDeploymentPostprocessing = 0;
		};
		CE41F0813613CDAD2BA3E51E /* Sources */ = {
			isa = PBXSourcesBuildPhase;
			buildActionMask = 2147483647;
			files = (
				0977CC5FABE9E6F84BF48DA5 /* ShareInbox.swift in Sources */,
				8F49328DDC70D304E6FE4130 /* ShareViewController.swift in Sources */,
				BD6ED142E9B10E20B22453B7 /* UnreadSummary.swift in Sources */,
			);
			runOnlyForDeploymentPostprocessing = 0;
		};
/* End PBXSourcesBuildPhase section */

/* Begin PBXTargetDependency section */
		98458300AC2BB81839EF94B8 /* PBXTargetDependency */ = {
			isa = PBXTargetDependency;
			target = 7DAEDDC5E72DE526E11C8C7E /* ZephyrShare */;
			targetProxy = 938FFD07A5B227F3CC07949C /* PBXContainerItemProxy */;
		};
		FAD3AB4C3D0D0339FA4EE6A3 /* PBXTargetDependency */ = {
			isa = PBXTargetDependency;
			target = 213C17BB9E4108C306BEFE93 /* ZephyrWidgets */;
			targetProxy = 3B79F8D1045F08687BE8C85F /* PBXContainerItemProxy */;
		};
/* End PBXTargetDependency section */

/* Begin XCBuildConfiguration section */
		056292407F51502CA1060760 /* Debug */ = {
			isa = XCBuildConfiguration;
			buildSettings = {
				ASSETCATALOG_COMPILER_APPICON_NAME = AppIcon;
				"CODE_SIGN_ENTITLEMENTS[sdk=iphoneos*]" = "Support/Zephyr-iOS.entitlements";
				"CODE_SIGN_ENTITLEMENTS[sdk=iphonesimulator*]" = "Support/Zephyr-iOS.entitlements";
				"CODE_SIGN_ENTITLEMENTS[sdk=macosx*]" = Zephyr/Zephyr.entitlements;
				CODE_SIGN_IDENTITY = "Apple Development";
				CODE_SIGN_STYLE = Automatic;
				CURRENT_PROJECT_VERSION = 1;
				DEVELOPMENT_TEAM = 257KW9ZJFP;
				ENABLE_PREVIEWS = YES;
				GENERATE_INFOPLIST_FILE = YES;
				INFOPLIST_FILE = Support/Info.plist;
				INFOPLIST_KEY_LSApplicationCategoryType = "public.app-category.social-networking";
				INFOPLIST_KEY_NSHumanReadableCopyright = "Copyright © 2026 Twarge. Apache-2.0.";
				INFOPLIST_KEY_UIApplicationSceneManifest_Generation = YES;
				INFOPLIST_KEY_UIApplicationSupportsMultipleScenes = YES;
				INFOPLIST_KEY_UILaunchScreen_Generation = YES;
				IPHONEOS_DEPLOYMENT_TARGET = 18.0;
				LD_RUNPATH_SEARCH_PATHS = (
					"$(inherited)",
					"@executable_path/Frameworks",
				);
				LOCALIZATION_PREFERS_STRING_CATALOGS = YES;
				MACOSX_DEPLOYMENT_TARGET = 26.0;
				MARKETING_VERSION = 0.1.0;
				PRODUCT_BUNDLE_IDENTIFIER = com.twarge.zephyr;
				REGISTER_APP_GROUPS = YES;
				SDKROOT = auto;
				SUPPORTED_PLATFORMS = "iphoneos iphonesimulator macosx";
				SUPPORTS_MACCATALYST = NO;
				SUPPORTS_MAC_DESIGNED_FOR_IPHONE_IPAD = NO;
				SUPPORTS_XR_DESIGNED_FOR_IPHONE_IPAD = YES;
				SWIFT_APPROACHABLE_CONCURRENCY = YES;
				SWIFT_DEFAULT_ACTOR_ISOLATION = MainActor;
				SWIFT_EMIT_LOC_STRINGS = YES;
				SWIFT_VERSION = 6.0;
				TARGETED_DEVICE_FAMILY = "1,2";
			};
			name = Debug;
		};
		191FD5C6FE5046A72F5DEAEA /* Debug */ = {
			isa = XCBuildConfiguration;
			buildSettings = {
				ALWAYS_SEARCH_USER_PATHS = NO;
				CLANG_ANALYZER_NONNULL = YES;
				CLANG_ANALYZER_NUMBER_OBJECT_CONVERSION = YES_AGGRESSIVE;
				CLANG_CXX_LANGUAGE_STANDARD = "gnu++14";
				CLANG_CXX_LIBRARY = "libc++";
				CLANG_ENABLE_MODULES = YES;
				CLANG_ENABLE_OBJC_ARC = YES;
				CLANG_ENABLE_OBJC_WEAK = YES;
				CLANG_WARN_BLOCK_CAPTURE_AUTORELEASING = YES;
				CLANG_WARN_BOOL_CONVERSION = YES;
				CLANG_WARN_COMMA = YES;
				CLANG_WARN_CONSTANT_CONVERSION = YES;
				CLANG_WARN_DEPRECATED_OBJC_IMPLEMENTATIONS = YES;
				CLANG_WARN_DIRECT_OBJC_ISA_USAGE = YES_ERROR;
				CLANG_WARN_DOCUMENTATION_COMMENTS = YES;
				CLANG_WARN_EMPTY_BODY = YES;
				CLANG_WARN_ENUM_CONVERSION = YES;
				CLANG_WARN_INFINITE_RECURSION = YES;
				CLANG_WARN_INT_CONVERSION = YES;
				CLANG_WARN_NON_LITERAL_NULL_CONVERSION = YES;
				CLANG_WARN_OBJC_IMPLICIT_RETAIN_SELF = YES;
				CLANG_WARN_OBJC_LITERAL_CONVERSION = YES;
				CLANG_WARN_OBJC_ROOT_CLASS = YES_ERROR;
				CLANG_WARN_QUOTED_INCLUDE_IN_FRAMEWORK_HEADER = YES;
				CLANG_WARN_RANGE_LOOP_ANALYSIS = YES;
				CLANG_WARN_STRICT_PROTOTYPES = YES;
				CLANG_WARN_SUSPICIOUS_MOVE = YES;
				CLANG_WARN_UNGUARDED_AVAILABILITY = YES_AGGRESSIVE;
				CLANG_WARN_UNREACHABLE_CODE = YES;
				CLANG_WARN__DUPLICATE_METHOD_MATCH = YES;
				COPY_PHASE_STRIP = NO;
				DEBUG_INFORMATION_FORMAT = dwarf;
				ENABLE_STRICT_OBJC_MSGSEND = YES;
				ENABLE_TESTABILITY = YES;
				GCC_C_LANGUAGE_STANDARD = gnu11;
				GCC_DYNAMIC_NO_PIC = NO;
				GCC_NO_COMMON_BLOCKS = YES;
				GCC_OPTIMIZATION_LEVEL = 0;
				GCC_PREPROCESSOR_DEFINITIONS = (
					"$(inherited)",
					"DEBUG=1",
				);
				GCC_WARN_64_TO_32_BIT_CONVERSION = YES;
				GCC_WARN_ABOUT_RETURN_TYPE = YES_ERROR;
				GCC_WARN_UNDECLARED_SELECTOR = YES;
				GCC_WARN_UNINITIALIZED_AUTOS = YES_AGGRESSIVE;
				GCC_WARN_UNUSED_FUNCTION = YES;
				GCC_WARN_UNUSED_VARIABLE = YES;
				MTL_ENABLE_DEBUG_INFO = INCLUDE_SOURCE;
				MTL_FAST_MATH = YES;
				ONLY_ACTIVE_ARCH = YES;
				PRODUCT_NAME = "$(TARGET_NAME)";
				SDKROOT = auto;
				SWIFT_ACTIVE_COMPILATION_CONDITIONS = DEBUG;
				SWIFT_OPTIMIZATION_LEVEL = "-Onone";
				SWIFT_VERSION = 5.0;
			};
			name = Debug;
		};
		5005DEF3CEA9E28193AD5787 /* Release */ = {
			isa = XCBuildConfiguration;
			buildSettings = {
				ASSETCATALOG_COMPILER_APPICON_NAME = AppIcon;
				"CODE_SIGN_ENTITLEMENTS[sdk=iphoneos*]" = "Support/Zephyr-iOS.entitlements";
				"CODE_SIGN_ENTITLEMENTS[sdk=iphonesimulator*]" = "Support/Zephyr-iOS.entitlements";
				"CODE_SIGN_ENTITLEMENTS[sdk=macosx*]" = Zephyr/Zephyr.entitlements;
				CODE_SIGN_IDENTITY = "Apple Development";
				CODE_SIGN_STYLE = Automatic;
				CURRENT_PROJECT_VERSION = 1;
				DEVELOPMENT_TEAM = 257KW9ZJFP;
				ENABLE_PREVIEWS = YES;
				GENERATE_INFOPLIST_FILE = YES;
				INFOPLIST_FILE = Support/Info.plist;
				INFOPLIST_KEY_LSApplicationCategoryType = "public.app-category.social-networking";
				INFOPLIST_KEY_NSHumanReadableCopyright = "Copyright © 2026 Twarge. Apache-2.0.";
				INFOPLIST_KEY_UIApplicationSceneManifest_Generation = YES;
				INFOPLIST_KEY_UIApplicationSupportsMultipleScenes = YES;
				INFOPLIST_KEY_UILaunchScreen_Generation = YES;
				IPHONEOS_DEPLOYMENT_TARGET = 18.0;
				LD_RUNPATH_SEARCH_PATHS = (
					"$(inherited)",
					"@executable_path/Frameworks",
				);
				LOCALIZATION_PREFERS_STRING_CATALOGS = YES;
				MACOSX_DEPLOYMENT_TARGET = 26.0;
				MARKETING_VERSION = 0.1.0;
				PRODUCT_BUNDLE_IDENTIFIER = com.twarge.zephyr;
				REGISTER_APP_GROUPS = YES;
				SDKROOT = auto;
				SUPPORTED_PLATFORMS = "iphoneos iphonesimulator macosx";
				SUPPORTS_MACCATALYST = NO;
				SUPPORTS_MAC_DESIGNED_FOR_IPHONE_IPAD = NO;
				SUPPORTS_XR_DESIGNED_FOR_IPHONE_IPAD = YES;
				SWIFT_APPROACHABLE_CONCURRENCY = YES;
				SWIFT_DEFAULT_ACTOR_ISOLATION = MainActor;
				SWIFT_EMIT_LOC_STRINGS = YES;
				SWIFT_VERSION = 6.0;
				TARGETED_DEVICE_FAMILY = "1,2";
			};
			name = Release;
		};
		604F46CACC9AAEDB5A8311E2 /* Debug */ = {
			isa = XCBuildConfiguration;
			buildSettings = {
				"CODE_SIGN_ENTITLEMENTS[sdk=iphoneos*]" = "Support/Widgets-iOS.entitlements";
				"CODE_SIGN_ENTITLEMENTS[sdk=iphonesimulator*]" = "Support/Widgets-iOS.entitlements";
				"CODE_SIGN_ENTITLEMENTS[sdk=macosx*]" = "Support/Widgets-macOS.entitlements";
				CODE_SIGN_IDENTITY = "Apple Development";
				CODE_SIGN_STYLE = Automatic;
				CURRENT_PROJECT_VERSION = 1;
				DEVELOPMENT_TEAM = 257KW9ZJFP;
				INFOPLIST_FILE = Extensions/Share/Info.plist;
				IPHONEOS_DEPLOYMENT_TARGET = 18.0;
				LD_RUNPATH_SEARCH_PATHS = (
					"$(inherited)",
					"@executable_path/Frameworks",
					"@executable_path/../../Frameworks",
				);
				MACOSX_DEPLOYMENT_TARGET = 26.0;
				MARKETING_VERSION = 0.1.0;
				PRODUCT_BUNDLE_IDENTIFIER = com.twarge.zephyr.share;
				REGISTER_APP_GROUPS = YES;
				SDKROOT = auto;
				SUPPORTED_PLATFORMS = "iphoneos iphonesimulator macosx";
				SUPPORTS_MACCATALYST = NO;
				SUPPORTS_MAC_DESIGNED_FOR_IPHONE_IPAD = NO;
				SUPPORTS_XR_DESIGNED_FOR_IPHONE_IPAD = YES;
				SWIFT_APPROACHABLE_CONCURRENCY = YES;
				SWIFT_VERSION = 6.0;
				TARGETED_DEVICE_FAMILY = "1,2";
			};
			name = Debug;
		};
		88BC6549D58D5E8288FD69C6 /* Debug */ = {
			isa = XCBuildConfiguration;
			buildSettings = {
				"CODE_SIGN_ENTITLEMENTS[sdk=iphoneos*]" = "Support/Widgets-iOS.entitlements";
				"CODE_SIGN_ENTITLEMENTS[sdk=iphonesimulator*]" = "Support/Widgets-iOS.entitlements";
				"CODE_SIGN_ENTITLEMENTS[sdk=macosx*]" = "Support/Widgets-macOS.entitlements";
				CODE_SIGN_IDENTITY = "Apple Development";
				CODE_SIGN_STYLE = Automatic;
				CURRENT_PROJECT_VERSION = 1;
				DEVELOPMENT_TEAM = 257KW9ZJFP;
				INFOPLIST_FILE = Extensions/Widgets/Info.plist;
				IPHONEOS_DEPLOYMENT_TARGET = 18.0;
				LD_RUNPATH_SEARCH_PATHS = (
					"$(inherited)",
					"@executable_path/Frameworks",
					"@executable_path/../../Frameworks",
				);
				MACOSX_DEPLOYMENT_TARGET = 26.0;
				MARKETING_VERSION = 0.1.0;
				PRODUCT_BUNDLE_IDENTIFIER = com.twarge.zephyr.widgets;
				REGISTER_APP_GROUPS = YES;
				SDKROOT = auto;
				SUPPORTED_PLATFORMS = "iphoneos iphonesimulator macosx";
				SUPPORTS_MACCATALYST = NO;
				SUPPORTS_MAC_DESIGNED_FOR_IPHONE_IPAD = NO;
				SUPPORTS_XR_DESIGNED_FOR_IPHONE_IPAD = YES;
				SWIFT_APPROACHABLE_CONCURRENCY = YES;
				SWIFT_VERSION = 6.0;
				TARGETED_DEVICE_FAMILY = "1,2";
			};
			name = Debug;
		};
		88F7156096ADA1EB16B21C5E /* Release */ = {
			isa = XCBuildConfiguration;
			buildSettings = {
				"CODE_SIGN_ENTITLEMENTS[sdk=iphoneos*]" = "Support/Widgets-iOS.entitlements";
				"CODE_SIGN_ENTITLEMENTS[sdk=iphonesimulator*]" = "Support/Widgets-iOS.entitlements";
				"CODE_SIGN_ENTITLEMENTS[sdk=macosx*]" = "Support/Widgets-macOS.entitlements";
				CODE_SIGN_IDENTITY = "Apple Development";
				CODE_SIGN_STYLE = Automatic;
				CURRENT_PROJECT_VERSION = 1;
				DEVELOPMENT_TEAM = 257KW9ZJFP;
				INFOPLIST_FILE = Extensions/Share/Info.plist;
				IPHONEOS_DEPLOYMENT_TARGET = 18.0;
				LD_RUNPATH_SEARCH_PATHS = (
					"$(inherited)",
					"@executable_path/Frameworks",
					"@executable_path/../../Frameworks",
				);
				MACOSX_DEPLOYMENT_TARGET = 26.0;
				MARKETING_VERSION = 0.1.0;
				PRODUCT_BUNDLE_IDENTIFIER = com.twarge.zephyr.share;
				REGISTER_APP_GROUPS = YES;
				SDKROOT = auto;
				SUPPORTED_PLATFORMS = "iphoneos iphonesimulator macosx";
				SUPPORTS_MACCATALYST = NO;
				SUPPORTS_MAC_DESIGNED_FOR_IPHONE_IPAD = NO;
				SUPPORTS_XR_DESIGNED_FOR_IPHONE_IPAD = YES;
				SWIFT_APPROACHABLE_CONCURRENCY = YES;
				SWIFT_VERSION = 6.0;
				TARGETED_DEVICE_FAMILY = "1,2";
			};
			name = Release;
		};
		8E7BD1A3CDFFDC90F00D2473 /* Release */ = {
			isa = XCBuildConfiguration;
			buildSettings = {
				"CODE_SIGN_ENTITLEMENTS[sdk=iphoneos*]" = "Support/Widgets-iOS.entitlements";
				"CODE_SIGN_ENTITLEMENTS[sdk=iphonesimulator*]" = "Support/Widgets-iOS.entitlements";
				"CODE_SIGN_ENTITLEMENTS[sdk=macosx*]" = "Support/Widgets-macOS.entitlements";
				CODE_SIGN_IDENTITY = "Apple Development";
				CODE_SIGN_STYLE = Automatic;
				CURRENT_PROJECT_VERSION = 1;
				DEVELOPMENT_TEAM = 257KW9ZJFP;
				INFOPLIST_FILE = Extensions/Widgets/Info.plist;
				IPHONEOS_DEPLOYMENT_TARGET = 18.0;
				LD_RUNPATH_SEARCH_PATHS = (
					"$(inherited)",
					"@executable_path/Frameworks",
					"@executable_path/../../Frameworks",
				);
				MACOSX_DEPLOYMENT_TARGET = 26.0;
				MARKETING_VERSION = 0.1.0;
				PRODUCT_BUNDLE_IDENTIFIER = com.twarge.zephyr.widgets;
				REGISTER_APP_GROUPS = YES;
				SDKROOT = auto;
				SUPPORTED_PLATFORMS = "iphoneos iphonesimulator macosx";
				SUPPORTS_MACCATALYST = NO;
				SUPPORTS_MAC_DESIGNED_FOR_IPHONE_IPAD = NO;
				SUPPORTS_XR_DESIGNED_FOR_IPHONE_IPAD = YES;
				SWIFT_APPROACHABLE_CONCURRENCY = YES;
				SWIFT_VERSION = 6.0;
				TARGETED_DEVICE_FAMILY = "1,2";
			};
			name = Release;
		};
		CA35A12D6D9654934B4B2E8F /* Release */ = {
			isa = XCBuildConfiguration;
			buildSettings = {
				ALWAYS_SEARCH_USER_PATHS = NO;
				CLANG_ANALYZER_NONNULL = YES;
				CLANG_ANALYZER_NUMBER_OBJECT_CONVERSION = YES_AGGRESSIVE;
				CLANG_CXX_LANGUAGE_STANDARD = "gnu++14";
				CLANG_CXX_LIBRARY = "libc++";
				CLANG_ENABLE_MODULES = YES;
				CLANG_ENABLE_OBJC_ARC = YES;
				CLANG_ENABLE_OBJC_WEAK = YES;
				CLANG_WARN_BLOCK_CAPTURE_AUTORELEASING = YES;
				CLANG_WARN_BOOL_CONVERSION = YES;
				CLANG_WARN_COMMA = YES;
				CLANG_WARN_CONSTANT_CONVERSION = YES;
				CLANG_WARN_DEPRECATED_OBJC_IMPLEMENTATIONS = YES;
				CLANG_WARN_DIRECT_OBJC_ISA_USAGE = YES_ERROR;
				CLANG_WARN_DOCUMENTATION_COMMENTS = YES;
				CLANG_WARN_EMPTY_BODY = YES;
				CLANG_WARN_ENUM_CONVERSION = YES;
				CLANG_WARN_INFINITE_RECURSION = YES;
				CLANG_WARN_INT_CONVERSION = YES;
				CLANG_WARN_NON_LITERAL_NULL_CONVERSION = YES;
				CLANG_WARN_OBJC_IMPLICIT_RETAIN_SELF = YES;
				CLANG_WARN_OBJC_LITERAL_CONVERSION = YES;
				CLANG_WARN_OBJC_ROOT_CLASS = YES_ERROR;
				CLANG_WARN_QUOTED_INCLUDE_IN_FRAMEWORK_HEADER = YES;
				CLANG_WARN_RANGE_LOOP_ANALYSIS = YES;
				CLANG_WARN_STRICT_PROTOTYPES = YES;
				CLANG_WARN_SUSPICIOUS_MOVE = YES;
				CLANG_WARN_UNGUARDED_AVAILABILITY = YES_AGGRESSIVE;
				CLANG_WARN_UNREACHABLE_CODE = YES;
				CLANG_WARN__DUPLICATE_METHOD_MATCH = YES;
				COPY_PHASE_STRIP = NO;
				DEBUG_INFORMATION_FORMAT = "dwarf-with-dsym";
				ENABLE_NS_ASSERTIONS = NO;
				ENABLE_STRICT_OBJC_MSGSEND = YES;
				GCC_C_LANGUAGE_STANDARD = gnu11;
				GCC_NO_COMMON_BLOCKS = YES;
				GCC_WARN_64_TO_32_BIT_CONVERSION = YES;
				GCC_WARN_ABOUT_RETURN_TYPE = YES_ERROR;
				GCC_WARN_UNDECLARED_SELECTOR = YES;
				GCC_WARN_UNINITIALIZED_AUTOS = YES_AGGRESSIVE;
				GCC_WARN_UNUSED_FUNCTION = YES;
				GCC_WARN_UNUSED_VARIABLE = YES;
				MTL_ENABLE_DEBUG_INFO = NO;
				MTL_FAST_MATH = YES;
				PRODUCT_NAME = "$(TARGET_NAME)";
				SDKROOT = auto;
				SWIFT_COMPILATION_MODE = wholemodule;
				SWIFT_OPTIMIZATION_LEVEL = "-O";
				SWIFT_VERSION = 5.0;
			};
			name = Release;
		};
/* End XCBuildConfiguration section */

/* Begin XCConfigurationList section */
		276FA59FADB80C530270E770 /* Build configuration list for PBXNativeTarget "Zephyr" */ = {
			isa = XCConfigurationList;
			buildConfigurations = (
				056292407F51502CA1060760 /* Debug */,
				5005DEF3CEA9E28193AD5787 /* Release */,
			);
			defaultConfigurationIsVisible = 0;
			defaultConfigurationName = Debug;
		};
		35EDD503D632243D14784178 /* Build configuration list for PBXNativeTarget "ZephyrWidgets" */ = {
			isa = XCConfigurationList;
			buildConfigurations = (
				88BC6549D58D5E8288FD69C6 /* Debug */,
				8E7BD1A3CDFFDC90F00D2473 /* Release */,
			);
			defaultConfigurationIsVisible = 0;
			defaultConfigurationName = Debug;
		};
		8377D7D199383BFE07B6BED7 /* Build configuration list for PBXNativeTarget "ZephyrShare" */ = {
			isa = XCConfigurationList;
			buildConfigurations = (
				604F46CACC9AAEDB5A8311E2 /* Debug */,
				88F7156096ADA1EB16B21C5E /* Release */,
			);
			defaultConfigurationIsVisible = 0;
			defaultConfigurationName = Debug;
		};
		A7C3F89928DDFDEBB6388A8F /* Build configuration list for PBXProject "Zephyr" */ = {
			isa = XCConfigurationList;
			buildConfigurations = (
				191FD5C6FE5046A72F5DEAEA /* Debug */,
				CA35A12D6D9654934B4B2E8F /* Release */,
			);
			defaultConfigurationIsVisible = 0;
			defaultConfigurationName = Debug;
		};
/* End XCConfigurationList section */

/* Begin XCLocalSwiftPackageReference section */
		7719EBB15E310B948F46D19F /* XCLocalSwiftPackageReference "Packages/ZulipKit" */ = {
			isa = XCLocalSwiftPackageReference;
			relativePath = Packages/ZulipKit;
		};
/* End XCLocalSwiftPackageReference section */

/* Begin XCSwiftPackageProductDependency section */
		27D0006F9ED91CF207CFAA5B /* ZulipAPI */ = {
			isa = XCSwiftPackageProductDependency;
			productName = ZulipAPI;
		};
		86972B326398BF7FE9542C42 /* ZulipMath */ = {
			isa = XCSwiftPackageProductDependency;
			productName = ZulipMath;
		};
		AD2A65812AC38BAC3D200157 /* ZulipContent */ = {
			isa = XCSwiftPackageProductDependency;
			productName = ZulipContent;
		};
		E4D870E5241B561551F2791A /* ZulipModel */ = {
			isa = XCSwiftPackageProductDependency;
			productName = ZulipModel;
		};
/* End XCSwiftPackageProductDependency section */
	};
	rootObject = 8BEBDFECE21524CF9C256F55 /* Project object */;
}
